
Microsoft Visual Studio Solution File, Format Version 12.00
# Visual Studio 2012
Project("{FAE04EC0-301F-11D3-BF4B-00C04F79EFBC}") = "PrySWII_ADO", "PrySWII_ADO\PrySWII_ADO.csproj", "{3AB21F9B-6AB8-46DC-8D12-A13E245850A6}"
EndProject
Project("{FAE04EC0-301F-11D3-BF4B-00C04F79EFBC}") = "PrySWII_BL", "PrySWII_BL\PrySWII_BL.csproj", "{6C890306-C411-4602-9951-E51F0BD3F324}"
EndProject
Project("{FAE04EC0-301F-11D3-BF4B-00C04F79EFBC}") = "PrySWII_BE", "PrySWII_BE\PrySWII_BE.csproj", "{36619F0B-12C2-46CE-9929-D11C4F639E99}"
EndProject
Project("{E24C65DC-7377-472B-9ABA-BC803B73C61A}") = "PrySWII_WEB", "http://localhost:49580", "{CE7A2DDB-F925-4294-9BEC-009FACB38888}"
	ProjectSection(WebsiteProperties) = preProject
		UseIISExpress = "true"
		TargetFrameworkMoniker = ".NETFramework,Version%3Dv4.5"
		ProjectReferences = "{3ab21f9b-6ab8-46dc-8d12-a13e245850a6}|PrySWII_ADO.dll;{36619F0B-12C2-46CE-9929-D11C4F639E99}|PrySWII_BE.dll;{6c890306-c411-4602-9951-e51f0bd3f324}|PrySWII_BL.dll;"
		Debug.AspNetCompiler.VirtualPath = "/localhost_49580"
		Debug.AspNetCompiler.PhysicalPath = "PrySWII_WEB\"
		Debug.AspNetCompiler.TargetPath = "PrecompiledWeb\localhost_49580\"
		Debug.AspNetCompiler.Updateable = "true"
		Debug.AspNetCompiler.ForceOverwrite = "true"
		Debug.AspNetCompiler.FixedNames = "false"
		Debug.AspNetCompiler.Debug = "True"
		Release.AspNetCompiler.VirtualPath = "/localhost_49580"
		Release.AspNetCompiler.PhysicalPath = "PrySWII_WEB\"
		Release.AspNetCompiler.TargetPath = "PrecompiledWeb\localhost_49580\"
		Release.AspNetCompiler.Updateable = "true"
		Release.AspNetCompiler.ForceOverwrite = "true"
		Release.AspNetCompiler.FixedNames = "false"
		Release.AspNetCompiler.Debug = "False"
		SlnRelativePath = "PrySWII_WEB\"
		DefaultWebSiteLanguage = "Visual C#"
	EndProjectSection
EndProject
Global
	GlobalSection(SolutionConfigurationPlatforms) = preSolution
		Debug|Any CPU = Debug|Any CPU
		Release|Any CPU = Release|Any CPU
	EndGlobalSection
	GlobalSection(ProjectConfigurationPlatforms) = postSolution
		{3AB21F9B-6AB8-46DC-8D12-A13E245850A6}.Debug|Any CPU.ActiveCfg = Debug|Any CPU
		{3AB21F9B-6AB8-46DC-8D12-A13E245850A6}.Debug|Any CPU.Build.0 = Debug|Any CPU
		{3AB21F9B-6AB8-46DC-8D12-A13E245850A6}.Release|Any CPU.ActiveCfg = Release|Any CPU
		{3AB21F9B-6AB8-46DC-8D12-A13E245850A6}.Release|Any CPU.Build.0 = Release|Any CPU
		{6C890306-C411-4602-9951-E51F0BD3F324}.Debug|Any CPU.ActiveCfg = Debug|Any CPU
		{6C890306-C411-4602-9951-E51F0BD3F324}.Debug|Any CPU.Build.0 = Debug|Any CPU
		{6C890306-C411-4602-9951-E51F0BD3F324}.Release|Any CPU.ActiveCfg = Release|Any CPU
		{6C890306-C411-4602-9951-E51F0BD3F324}.Release|Any CPU.Build.0 = Release|Any CPU
		{36619F0B-12C2-46CE-9929-D11C4F639E99}.Debug|Any CPU.ActiveCfg = Debug|Any CPU
		{36619F0B-12C2-46CE-9929-D11C4F639E99}.Debug|Any CPU.Build.0 = Debug|Any CPU
		{36619F0B-12C2-46CE-9929-D11C4F639E99}.Release|Any CPU.ActiveCfg = Release|Any CPU
		{36619F0B-12C2-46CE-9929-D11C4F639E99}.Release|Any CPU.Build.0 = Release|Any CPU
		{CE7A2DDB-F925-4294-9BEC-009FACB38888}.Debug|Any CPU.ActiveCfg = Debug|Any CPU
		{CE7A2DDB-F925-4294-9BEC-009FACB38888}.Debug|Any CPU.Build.0 = Debug|Any CPU
		{CE7A2DDB-F925-4294-9BEC-009FACB38888}.Release|Any CPU.ActiveCfg = Debug|Any CPU
		{CE7A2DDB-F925-4294-9BEC-009FACB38888}.Release|Any CPU.Build.0 = Debug|Any CPU
	EndGlobalSection
	GlobalSection(SolutionProperties) = preSolution
		HideSolutionNode = FALSE
	EndGlobalSection
EndGlobal
